// !$*UTF8*$!
{
	archiveVersion = 1;
	classes = {
	};
	objectVersion = 77;
	objects = {

/* Begin PBXBuildFile section */
		B6B4F80F2DD985870041A67A /* FirebaseAuth in Frameworks */ = {isa = PBXBuildFile; productRef = B6B4F80E2DD985870041A67A /* FirebaseAuth */; };
		B6B4F8112DD985870041A67A /* FirebaseFirestore in Frameworks */ = {isa = PBXBuildFile; productRef = B6B4F8102DD985870041A67A /* FirebaseFirestore */; };
		B6B4F82A2DE2FD6D0041A67A /* FirebaseStorage in Frameworks */ = {isa = PBXBuildFile; productRef = B6B4F8292DE2FD6D0041A67A /* FirebaseStorage */; };
/* End PBXBuildFile section */

/* Begin PBXContainerItemProxy section */
		61944E402DC069C200027300 /* PBXContainerItemProxy */ = {
			isa = PBXContainerItemProxy;
			containerPortal = 61944E272DC069C100027300 /* Project object */;
			proxyType = 1;
			remoteGlobalIDString = 61944E2E2DC069C100027300;
			remoteInfo = "L'Ink";
		};
		61944E4A2DC069C200027300 /* PBXContainerItemProxy */ = {
			isa = PBXContainerItemProxy;
			containerPortal = 61944E272DC069C100027300 /* Project object */;
			proxyType = 1;
			remoteGlobalIDString = 61944E2E2DC069C100027300;
			remoteInfo = "L'Ink";
		};
/* End PBXContainerItemProxy section */

/* Begin PBXFileReference section */
		61944E2F2DC069C100027300 /* L'Ink.app */ = {isa = PBXFileReference; explicitFileType = wrapper.application; includeInIndex = 0; path = "L'Ink.app"; sourceTree = BUILT_PRODUCTS_DIR; };
		61944E3F2DC069C200027300 /* L'InkTests.xctest */ = {isa = PBXFileReference; explicitFileType = wrapper.cfbundle; includeInIndex = 0; path = "L'InkTests.xctest"; sourceTree = BUILT_PRODUCTS_DIR; };
		61944E492DC069C200027300 /* L'InkUITests.xctest */ = {isa = PBXFileReference; explicitFileType = wrapper.cfbundle; includeInIndex = 0; path = "L'InkUITests.xctest"; sourceTree = BUILT_PRODUCTS_DIR; };
/* End PBXFileReference section */

/* Begin PBXFileSystemSynchronizedRootGroup section */
		61944E312DC069C100027300 /* L'Ink */ = {
			isa = PBXFileSystemSynchronizedRootGroup;
			path = "L'Ink";
			sourceTree = "<group>";
		};
		61944E422DC069C200027300 /* L'InkTests */ = {
			isa = PBXFileSystemSynchronizedRootGroup;
			path = "L'InkTests";
			sourceTree = "<group>";
		};
		61944E4C2DC069C200027300 /* L'InkUITests */ = {
			isa = PBXFileSystemSynchronizedRootGroup;
			path = "L'InkUITests";
			sourceTree = "<group>";
		};
/* End PBXFileSystemSynchronizedRootGroup section */

/* Begin PBXFrameworksBuildPhase section */
		61944E2C2DC069C100027300 /* Frameworks */ = {
			isa = PBXFrameworksBuildPhase;
			buildActionMask = 2147483647;
			files = (
				B6B4F80F2DD985870041A67A /* FirebaseAuth in Frameworks */,
				B6B4F8112DD985870041A67A /* FirebaseFirestore in Frameworks */,
				B6B4F82A2DE2FD6D0041A67A /* FirebaseStorage in Frameworks */,
			);
			runOnlyForDeploymentPostprocessing = 0;
		};
		61944E3C2DC069C200027300 /* Frameworks */ = {
			isa = PBXFrameworksBuildPhase;
			buildActionMask = 2147483647;
			files = (
			);
			runOnlyForDeploymentPostprocessing = 0;
		};
		61944E462DC069C200027300 /* Frameworks */ = {
			isa = PBXFrameworksBuildPhase;
			buildActionMask = 2147483647;
			files = (
			);
			runOnlyForDeploymentPostprocessing = 0;
		};
/* End PBXFrameworksBuildPhase section */

/* Begin PBXGroup section */
		61944E262DC069C100027300 = {
			isa = PBXGroup;
			children = (
				61944E312DC069C100027300 /* L'Ink */,
				61944E422DC069C200027300 /* L'InkTests */,
				61944E4C2DC069C200027300 /* L'InkUITests */,
				61944E302DC069C100027300 /* Products */,
			);
			sourceTree = "<group>";
		};
		61944E302DC069C100027300 /* Products */ = {
			isa = PBXGroup;
			children = (
				61944E2F2DC069C100027300 /* L'Ink.app */,
				61944E3F2DC069C200027300 /* L'InkTests.xctest */,
				61944E492DC069C200027300 /* L'InkUITests.xctest */,
			);
			name = Products;
			sourceTree = "<group>";
		};
/* End PBXGroup section */

/* Begin PBXNativeTarget section */
		61944E2E2DC069C100027300 /* L'Ink */ = {
			isa = PBXNativeTarget;
			buildConfigurationList = 61944E532DC069C200027300 /* Build configuration list for PBXNativeTarget "L'Ink" */;
			buildPhases = (
				61944E2B2DC069C100027300 /* Sources */,
				61944E2C2DC069C100027300 /* Frameworks */,
				61944E2D2DC069C100027300 /* Resources */,
			);
			buildRules = (
			);
			dependencies = (
			);
			fileSystemSynchronizedGroups = (
				61944E312DC069C100027300 /* L'Ink */,
			);
			name = "L'Ink";
			packageProductDependencies = (
				B6B4F80E2DD985870041A67A /* FirebaseAuth */,
				B6B4F8102DD985870041A67A /* FirebaseFirestore */,
				B6B4F8292DE2FD6D0041A67A /* FirebaseStorage */,
			);
			productName = "L'Ink";
			productReference = 61944E2F2DC069C100027300 /* L'Ink.app */;
			productType = "com.apple.product-type.application";
		};
		61944E3E2DC069C200027300 /* L'InkTests */ = {
			isa = PBXNativeTarget;
			buildConfigurationList = 61944E562DC069C200027300 /* Build configuration list for PBXNativeTarget "L'InkTests" */;
			buildPhases = (
				61944E3B2DC069C200027300 /* Sources */,
				61944E3C2DC069C200027300 /* Frameworks */,
				61944E3D2DC069C200027300 /* Resources */,
			);
			buildRules = (
			);
			dependencies = (
				61944E412DC069C200027300 /* PBXTargetDependency */,
			);
			fileSystemSynchronizedGroups = (
				61944E422DC069C200027300 /* L'InkTests */,
			);
			name = "L'InkTests";
			packageProductDependencies = (
			);
			productName = "L'InkTests";
			productReference = 61944E3F2DC069C200027300 /* L'InkTests.xctest */;
			productType = "com.apple.product-type.bundle.unit-test";
		};
		61944E482DC069C200027300 /* L'InkUITests */ = {
			isa = PBXNativeTarget;
			buildConfigurationList = 61944E592DC069C200027300 /* Build configuration list for PBXNativeTarget "L'InkUITests" */;
			buildPhases = (
				61944E452DC069C200027300 /* Sources */,
				61944E462DC069C200027300 /* Frameworks */,
				61944E472DC069C200027300 /* Resources */,
			);
			buildRules = (
			);
			dependencies = (
				61944E4B2DC069C200027300 /* PBXTargetDependency */,
			);
			fileSystemSynchronizedGroups = (
				61944E4C2DC069C200027300 /* L'InkUITests */,
			);
			name = "L'InkUITests";
			packageProductDependencies = (
			);
			productName = "L'InkUITests";
			productReference = 61944E492DC069C200027300 /* L'InkUITests.xctest */;
			productType = "com.apple.product-type.bundle.ui-testing";
		};
/* End PBXNativeTarget section */

/* Begin PBXProject section */
		61944E272DC069C100027300 /* Project object */ = {
			isa = PBXProject;
			attributes = {
				BuildIndependentTargetsInParallel = 1;
				LastSwiftUpdateCheck = 1620;
				LastUpgradeCheck = 1620;
				TargetAttributes = {
					61944E2E2DC069C100027300 = {
						CreatedOnToolsVersion = 16.2;
					};
					61944E3E2DC069C200027300 = {
						CreatedOnToolsVersion = 16.2;
						TestTargetID = 61944E2E2DC069C100027300;
					};
					61944E482DC069C200027300 = {
						CreatedOnToolsVersion = 16.2;
						TestTargetID = 61944E2E2DC069C100027300;
					};
				};
			};
			buildConfigurationList = 61944E2A2DC069C100027300 /* Build configuration list for PBXProject "L'Ink" */;
			developmentRegion = en;
			hasScannedForEncodings = 0;
			knownRegions = (
				en,
				Base,
			);
			mainGroup = 61944E262DC069C100027300;
			minimizedProjectReferenceProxies = 1;
			packageReferences = (
				B6B4F80D2DD985870041A67A /* XCRemoteSwiftPackageReference "firebase-ios-sdk" */,
			);
			preferredProjectObjectVersion = 77;
			productRefGroup = 61944E302DC069C100027300 /* Products */;
			projectDirPath = "";
			projectRoot = "";
			targets = (
				61944E2E2DC069C100027300 /* L'Ink */,
				61944E3E2DC069C200027300 /* L'InkTests */,
				61944E482DC069C200027300 /* L'InkUITests */,
			);
		};
/* End PBXProject section */

/* Begin PBXResourcesBuildPhase section */
		61944E2D2DC069C100027300 /* Resources */ = {
			isa = PBXResourcesBuildPhase;
			buildActionMask = 2147483647;
			files = (
			);
			runOnlyForDeploymentPostprocessing = 0;
		};
		61944E3D2DC069C200027300 /* Resources */ = {
			isa = PBXResourcesBuildPhase;
			buildActionMask = 2147483647;
			files = (
			);
			runOnlyForDeploymentPostprocessing = 0;
		};
		61944E472DC069C200027300 /* Resources */ = {
			isa = PBXResourcesBuildPhase;
			buildActionMask = 2147483647;
			files = (
			);
			runOnlyForDeploymentPostprocessing = 0;
		};
/* End PBXResourcesBuildPhase section */

/* Begin PBXSourcesBuildPhase section */
		61944E2B2DC069C100027300 /* Sources */ = {
			isa = PBXSourcesBuildPhase;
			buildActionMask = 2147483647;
			files = (
			);
			runOnlyForDeploymentPostprocessing = 0;
		};
		61944E3B2DC069C200027300 /* Sources */ = {
			isa = PBXSourcesBuildPhase;
			buildActionMask = 2147483647;
			files = (
			);
			runOnlyForDeploymentPostprocessing = 0;
		};
		61944E452DC069C200027300 /* Sources */ = {
			isa = PBXSourcesBuildPhase;
			buildActionMask = 2147483647;
			files = (
			);
			runOnlyForDeploymentPostprocessing = 0;
		};
/* End PBXSourcesBuildPhase section */

/* Begin PBXTargetDependency section */
		61944E412DC069C200027300 /* PBXTargetDependency */ = {
			isa = PBXTargetDependency;
			target = 61944E2E2DC069C100027300 /* L'Ink */;
			targetProxy = 61944E402DC069C200027300 /* PBXContainerItemProxy */;
		};
		61944E4B2DC069C200027300 /* PBXTargetDependency */ = {
			isa = PBXTargetDependency;
			target = 61944E2E2DC069C100027300 /* L'Ink */;
			targetProxy = 61944E4A2DC069C200027300 /* PBXContainerItemProxy */;
		};
/* End PBXTargetDependency section */

/* Begin XCBuildConfiguration section */
		61944E512DC069C200027300 /* Debug */ = {
			isa = XCBuildConfiguration;
			buildSettings = {
				ALWAYS_SEARCH_USER_PATHS = NO;
				ASSETCATALOG_COMPILER_GENERATE_SWIFT_ASSET_SYMBOL_EXTENSIONS = YES;
				CLANG_ANALYZER_NONNULL = YES;
				CLANG_ANALYZER_NUMBER_OBJECT_CONVERSION = YES_AGGRESSIVE;
				CLANG_CXX_LANGUAGE_STANDARD = "gnu++20";
				CLANG_ENABLE_MODULES = YES;
				CLANG_ENABLE_OBJC_ARC = YES;
				CLANG_ENABLE_OBJC_WEAK = YES;
				CLANG_WARN_BLOCK_CAPTURE_AUTORELEASING = YES;
				CLANG_WARN_BOOL_CONVERSION = YES;
				CLANG_WARN_COMMA = YES;
				CLANG_WARN_CONSTANT_CONVERSION = YES;
				CLANG_WARN_DEPRECATED_OBJC_IMPLEMENTATIONS = YES;
				CLANG_WARN_DIRECT_OBJC_ISA_USAGE = YES_ERROR;
				CLANG_WARN_DOCUMENTATION_COMMENTS = YES;
				CLANG_WARN_EMPTY_BODY = YES;
				CLANG_WARN_ENUM_CONVERSION = YES;
				CLANG_WARN_INFINITE_RECURSION = YES;
				CLANG_WARN_INT_CONVERSION = YES;
				CLANG_WARN_NON_LITERAL_NULL_CONVERSION = YES;
				CLANG_WARN_OBJC_IMPLICIT_RETAIN_SELF = YES;
				CLANG_WARN_OBJC_LITERAL_CONVERSION = YES;
				CLANG_WARN_OBJC_ROOT_CLASS = YES_ERROR;
				CLANG_WARN_QUOTED_INCLUDE_IN_FRAMEWORK_HEADER = YES;
				CLANG_WARN_RANGE_LOOP_ANALYSIS = YES;
				CLANG_WARN_STRICT_PROTOTYPES = YES;
				CLANG_WARN_SUSPICIOUS_MOVE = YES;
				CLANG_WARN_UNGUARDED_AVAILABILITY = YES_AGGRESSIVE;
				CLANG_WARN_UNREACHABLE_CODE = YES;
				CLANG_WARN__DUPLICATE_METHOD_MATCH = YES;
				COPY_PHASE_STRIP = NO;
				DEBUG_INFORMATION_FORMAT = dwarf;
				ENABLE_STRICT_OBJC_MSGSEND = YES;
				ENABLE_TESTABILITY = YES;
				ENABLE_USER_SCRIPT_SANDBOXING = YES;
				GCC_C_LANGUAGE_STANDARD = gnu17;
				GCC_DYNAMIC_NO_PIC = NO;
				GCC_NO_COMMON_BLOCKS = YES;
				GCC_OPTIMIZATION_LEVEL = 0;
				GCC_PREPROCESSOR_DEFINITIONS = (
					"DEBUG=1",
					"$(inherited)",
				);
				GCC_WARN_64_TO_32_BIT_CONVERSION = YES;
				GCC_WARN_ABOUT_RETURN_TYPE = YES_ERROR;
				GCC_WARN_UNDECLARED_SELECTOR = YES;
				GCC_WARN_UNINITIALIZED_AUTOS = YES_AGGRESSIVE;
				GCC_WARN_UNUSED_FUNCTION = YES;
				GCC_WARN_UNUSED_VARIABLE = YES;
				IPHONEOS_DEPLOYMENT_TARGET = 18.2;
				LOCALIZATION_PREFERS_STRING_CATALOGS = YES;
				MTL_ENABLE_DEBUG_INFO = INCLUDE_SOURCE;
				MTL_FAST_MATH = YES;
				ONLY_ACTIVE_ARCH = YES;
				SDKROOT = iphoneos;
				SWIFT_ACTIVE_COMPILATION_CONDITIONS = "DEBUG $(inherited)";
				SWIFT_OPTIMIZATION_LEVEL = "-Onone";
			};
			name = Debug;
		};
		61944E522DC069C200027300 /* Release */ = {
			isa = XCBuildConfiguration;
			buildSettings = {
				ALWAYS_SEARCH_USER_PATHS = NO;
				ASSETCATALOG_COMPILER_GENERATE_SWIFT_ASSET_SYMBOL_EXTENSIONS = YES;
				CLANG_ANALYZER_NONNULL = YES;
				CLANG_ANALYZER_NUMBER_OBJECT_CONVERSION = YES_AGGRESSIVE;
				CLANG_CXX_LANGUAGE_STANDARD = "gnu++20";
				CLANG_ENABLE_MODULES = YES;
				CLANG_ENABLE_OBJC_ARC = YES;
				CLANG_ENABLE_OBJC_WEAK = YES;
				CLANG_WARN_BLOCK_CAPTURE_AUTORELEASING = YES;
				CLANG_WARN_BOOL_CONVERSION = YES;
				CLANG_WARN_COMMA = YES;
				CLANG_WARN_CONSTANT_CONVERSION = YES;
				CLANG_WARN_DEPRECATED_OBJC_IMPLEMENTATIONS = YES;
				CLANG_WARN_DIRECT_OBJC_ISA_USAGE = YES_ERROR;
				CLANG_WARN_DOCUMENTATION_COMMENTS = YES;
				CLANG_WARN_EMPTY_BODY = YES;
				CLANG_WARN_ENUM_CONVERSION = YES;
				CLANG_WARN_INFINITE_RECURSION = YES;
				CLANG_WARN_INT_CONVERSION = YES;
				CLANG_WARN_NON_LITERAL_NULL_CONVERSION = YES;
				CLANG_WARN_OBJC_IMPLICIT_RETAIN_SELF = YES;
				CLANG_WARN_OBJC_LITERAL_CONVERSION = YES;
				CLANG_WARN_OBJC_ROOT_CLASS = YES_ERROR;
				CLANG_WARN_QUOTED_INCLUDE_IN_FRAMEWORK_HEADER = YES;
				CLANG_WARN_RANGE_LOOP_ANALYSIS = YES;
				CLANG_WARN_STRICT_PROTOTYPES = YES;
				CLANG_WARN_SUSPICIOUS_MOVE = YES;
				CLANG_WARN_UNGUARDED_AVAILABILITY = YES_AGGRESSIVE;
				CLANG_WARN_UNREACHABLE_CODE = YES;
				CLANG_WARN__DUPLICATE_METHOD_MATCH = YES;
				COPY_PHASE_STRIP = NO;
				DEBUG_INFORMATION_FORMAT = "dwarf-with-dsym";
				ENABLE_NS_ASSERTIONS = NO;
				ENABLE_STRICT_OBJC_MSGSEND = YES;
				ENABLE_USER_SCRIPT_SANDBOXING = YES;
				GCC_C_LANGUAGE_STANDARD = gnu17;
				GCC_NO_COMMON_BLOCKS = YES;
				GCC_WARN_64_TO_32_BIT_CONVERSION = YES;
				GCC_WARN_ABOUT_RETURN_TYPE = YES_ERROR;
				GCC_WARN_UNDECLARED_SELECTOR = YES;
				GCC_WARN_UNINITIALIZED_AUTOS = YES_AGGRESSIVE;
				GCC_WARN_UNUSED_FUNCTION = YES;
				GCC_WARN_UNUSED_VARIABLE = YES;
				IPHONEOS_DEPLOYMENT_TARGET = 18.2;
				LOCALIZATION_PREFERS_STRING_CATALOGS = YES;
				MTL_ENABLE_DEBUG_INFO = NO;
				MTL_FAST_MATH = YES;
				SDKROOT = iphoneos;
				SWIFT_COMPILATION_MODE = wholemodule;
				VALIDATE_PRODUCT = YES;
			};
			name = Release;
		};
		61944E542DC069C200027300 /* Debug */ = {
			isa = XCBuildConfiguration;
			buildSettings = {
				ASSETCATALOG_COMPILER_APPICON_NAME = AppIcon;
				ASSETCATALOG_COMPILER_GLOBAL_ACCENT_COLOR_NAME = AccentColor;
				CODE_SIGN_STYLE = Automatic;
				CURRENT_PROJECT_VERSION = 1;
				DEVELOPMENT_ASSET_PATHS = "\"L'Ink/Preview Content\"";
				ENABLE_PREVIEWS = YES;
				GENERATE_INFOPLIST_FILE = YES;
				INFOPLIST_KEY_UIApplicationSceneManifest_Generation = YES;
				INFOPLIST_KEY_UIApplicationSupportsIndirectInputEvents = YES;
				INFOPLIST_KEY_UILaunchScreen_Generation = YES;
				INFOPLIST_KEY_UISupportedInterfaceOrientations_iPad = "UIInterfaceOrientationPortrait UIInterfaceOrientationPortraitUpsideDown UIInterfaceOrientationLandscapeLeft UIInterfaceOrientationLandscapeRight";
				INFOPLIST_KEY_UISupportedInterfaceOrientations_iPhone = "UIInterfaceOrientationPortrait UIInterfaceOrientationLandscapeLeft UIInterfaceOrientationLandscapeRight";
				LD_RUNPATH_SEARCH_PATHS = (
					"$(inherited)",
					"@executable_path/Frameworks",
				);
				MARKETING_VERSION = 1.0;
				PRODUCT_BUNDLE_IDENTIFIER = "CS278.L-Ink";
				PRODUCT_NAME = "$(TARGET_NAME)";
				SWIFT_EMIT_LOC_STRINGS = YES;
				SWIFT_VERSION = 5.0;
				TARGETED_DEVICE_FAMILY = "1,2";
			};
			name = Debug;
		};
		61944E552DC069C200027300 /* Release */ = {
			isa = XCBuildConfiguration;
			buildSettings = {
				ASSETCATALOG_COMPILER_APPICON_NAME = AppIcon;
				ASSETCATALOG_COMPILER_GLOBAL_ACCENT_COLOR_NAME = AccentColor;
				CODE_SIGN_STYLE = Automatic;
				CURRENT_PROJECT_VERSION = 1;
				DEVELOPMENT_ASSET_PATHS = "\"L'Ink/Preview Content\"";
				ENABLE_PREVIEWS = YES;
				GENERATE_INFOPLIST_FILE = YES;
				INFOPLIST_KEY_UIApplicationSceneManifest_Generation = YES;
				INFOPLIST_KEY_UIApplicationSupportsIndirectInputEvents = YES;
				INFOPLIST_KEY_UILaunchScreen_Generation = YES;
				INFOPLIST_KEY_UISupportedInterfaceOrientations_iPad = "UIInterfaceOrientationPortrait UIInterfaceOrientationPortraitUpsideDown UIInterfaceOrientationLandscapeLeft UIInterfaceOrientationLandscapeRight";
				INFOPLIST_KEY_UISupportedInterfaceOrientations_iPhone = "UIInterfaceOrientationPortrait UIInterfaceOrientationLandscapeLeft UIInterfaceOrientationLandscapeRight";
				LD_RUNPATH_SEARCH_PATHS = (
					"$(inherited)",
					"@executable_path/Frameworks",
				);
				MARKETING_VERSION = 1.0;
				PRODUCT_BUNDLE_IDENTIFIER = "CS278.L-Ink";
				PRODUCT_NAME = "$(TARGET_NAME)";
				SWIFT_EMIT_LOC_STRINGS = YES;
				SWIFT_VERSION = 5.0;
				TARGETED_DEVICE_FAMILY = "1,2";
			};
			name = Release;
		};
		61944E572DC069C200027300 /* Debug */ = {
			isa = XCBuildConfiguration;
			buildSettings = {
				BUNDLE_LOADER = "$(TEST_HOST)";
				CODE_SIGN_STYLE = Automatic;
				CURRENT_PROJECT_VERSION = 1;
				GENERATE_INFOPLIST_FILE = YES;
				IPHONEOS_DEPLOYMENT_TARGET = 18.2;
				MARKETING_VERSION = 1.0;
				PRODUCT_BUNDLE_IDENTIFIER = "CS278.L-InkTests";
				PRODUCT_NAME = "$(TARGET_NAME)";
				SWIFT_EMIT_LOC_STRINGS = NO;
				SWIFT_VERSION = 5.0;
				TARGETED_DEVICE_FAMILY = "1,2";
				TEST_HOST = "$(BUILT_PRODUCTS_DIR)/L'Ink.app/$(BUNDLE_EXECUTABLE_FOLDER_PATH)/L'Ink";
			};
			name = Debug;
		};
		61944E582DC069C200027300 /* Release */ = {
			isa = XCBuildConfiguration;
			buildSettings = {
				BUNDLE_LOADER = "$(TEST_HOST)";
				CODE_SIGN_STYLE = Automatic;
				CURRENT_PROJECT_VERSION = 1;
				GENERATE_INFOPLIST_FILE = YES;
				IPHONEOS_DEPLOYMENT_TARGET = 18.2;
				MARKETING_VERSION = 1.0;
				PRODUCT_BUNDLE_IDENTIFIER = "CS278.L-InkTests";
				PRODUCT_NAME = "$(TARGET_NAME)";
				SWIFT_EMIT_LOC_STRINGS = NO;
				SWIFT_VERSION = 5.0;
				TARGETED_DEVICE_FAMILY = "1,2";
				TEST_HOST = "$(BUILT_PRODUCTS_DIR)/L'Ink.app/$(BUNDLE_EXECUTABLE_FOLDER_PATH)/L'Ink";
			};
			name = Release;
		};
		61944E5A2DC069C200027300 /* Debug */ = {
			isa = XCBuildConfiguration;
			buildSettings = {
				CODE_SIGN_STYLE = Automatic;
				CURRENT_PROJECT_VERSION = 1;
				GENERATE_INFOPLIST_FILE = YES;
				MARKETING_VERSION = 1.0;
				PRODUCT_BUNDLE_IDENTIFIER = "CS278.L-InkUITests";
				PRODUCT_NAME = "$(TARGET_NAME)";
				SWIFT_EMIT_LOC_STRINGS = NO;
				SWIFT_VERSION = 5.0;
				TARGETED_DEVICE_FAMILY = "1,2";
				TEST_TARGET_NAME = "L'Ink";
			};
			name = Debug;
		};
		61944E5B2DC069C200027300 /* Release */ = {
			isa = XCBuildConfiguration;
			buildSettings = {
				CODE_SIGN_STYLE = Automatic;
				CURRENT_PROJECT_VERSION = 1;
				GENERATE_INFOPLIST_FILE = YES;
				MARKETING_VERSION = 1.0;
				PRODUCT_BUNDLE_IDENTIFIER = "CS278.L-InkUITests";
				PRODUCT_NAME = "$(TARGET_NAME)";
				SWIFT_EMIT_LOC_STRINGS = NO;
				SWIFT_VERSION = 5.0;
				TARGETED_DEVICE_FAMILY = "1,2";
				TEST_TARGET_NAME = "L'Ink";
			};
			name = Release;
		};
/* End XCBuildConfiguration section */

/* Begin XCConfigurationList section */
		61944E2A2DC069C100027300 /* Build configuration list for PBXProject "L'Ink" */ = {
			isa = XCConfigurationList;
			buildConfigurations = (
				61944E512DC069C200027300 /* Debug */,
				61944E522DC069C200027300 /* Release */,
			);
			defaultConfigurationIsVisible = 0;
			defaultConfigurationName = Release;
		};
		61944E532DC069C200027300 /* Build configuration list for PBXNativeTarget "L'Ink" */ = {
			isa = XCConfigurationList;
			buildConfigurations = (
				61944E542DC069C200027300 /* Debug */,
				61944E552DC069C200027300 /* Release */,
			);
			defaultConfigurationIsVisible = 0;
			defaultConfigurationName = Release;
		};
		61944E562DC069C200027300 /* Build configuration list for PBXNativeTarget "L'InkTests" */ = {
			isa = XCConfigurationList;
			buildConfigurations = (
				61944E572DC069C200027300 /* Debug */,
				61944E582DC069C200027300 /* Release */,
			);
			defaultConfigurationIsVisible = 0;
			defaultConfigurationName = Release;
		};
		61944E592DC069C200027300 /* Build configuration list for PBXNativeTarget "L'InkUITests" */ = {
			isa = XCConfigurationList;
			buildConfigurations = (
				61944E5A2DC069C200027300 /* Debug */,
				61944E5B2DC069C200027300 /* Release */,
			);
			defaultConfigurationIsVisible = 0;
			defaultConfigurationName = Release;
		};
/* End XCConfigurationList section */

/* Begin XCRemoteSwiftPackageReference section */
		B6B4F80D2DD985870041A67A /* XCRemoteSwiftPackageReference "firebase-ios-sdk" */ = {
			isa = XCRemoteSwiftPackageReference;
			repositoryURL = "https://github.com/firebase/firebase-ios-sdk";
			requirement = {
				kind = upToNextMajorVersion;
				minimumVersion = 11.12.0;
			};
		};
/* End XCRemoteSwiftPackageReference section */

/* Begin XCSwiftPackageProductDependency section */
		B6B4F80E2DD985870041A67A /* FirebaseAuth */ = {
			isa = XCSwiftPackageProductDependency;
			package = B6B4F80D2DD985870041A67A /* XCRemoteSwiftPackageReference "firebase-ios-sdk" */;
			productName = FirebaseAuth;
		};
		B6B4F8102DD985870041A67A /* FirebaseFirestore */ = {
			isa = XCSwiftPackageProductDependency;
			package = B6B4F80D2DD985870041A67A /* XCRemoteSwiftPackageReference "firebase-ios-sdk" */;
			productName = FirebaseFirestore;
		};
		B6B4F8292DE2FD6D0041A67A /* FirebaseStorage */ = {
			isa = XCSwiftPackageProductDependency;
			productName = FirebaseStorage;
		};
/* End XCSwiftPackageProductDependency section */
	};
	rootObject = 61944E272DC069C100027300 /* Project object */;
}
